
Microsoft Visual Studio Solution File, Format Version 9.00
# Visual Studio 2005
Project("{FAE04EC0-301F-11D3-BF4B-00C04F79EFBC}") = "CompGraphicsIndyv1", "CompGraphicsIndyv1\CompGraphicsIndyv1.csproj", "{C52960BF-47AE-4474-A54B-23227106E683}"
EndProject
Global
	GlobalSection(SolutionConfigurationPlatforms) = preSolution
		Debug|Any CPU = Debug|Any CPU
		Release|Any CPU = Release|Any CPU
	EndGlobalSection
	GlobalSection(ProjectConfigurationPlatforms) = postSolution
		{C52960BF-47AE-4474-A54B-23227106E683}.Debug|Any CPU.ActiveCfg = Debug|Any CPU
		{C52960BF-47AE-4474-A54B-23227106E683}.Debug|Any CPU.Build.0 = Debug|Any CPU
		{C52960BF-47AE-4474-A54B-23227106E683}.Release|Any CPU.ActiveCfg = Release|Any CPU
		{C52960BF-47AE-4474-A54B-23227106E683}.Release|Any CPU.Build.0 = Release|Any CPU
	EndGlobalSection
	GlobalSection(MonoDevelopProperties) = preSolution
		StartupItem = CompGraphicsIndyv1\CompGraphicsIndyv1.csproj
	EndGlobalSection
EndGlobal
